
Microsoft Visual Studio Solution File, Format Version 12.00
# Visual Studio Version 17
VisualStudioVersion = 17.9.34902.65
MinimumVisualStudioVersion = 10.0.40219.1
Project("{9A19103F-16F7-4668-BE54-9A1E7A4F7556}") = "OracleWebAPIService", "OracleWebAPIService.csproj", "{ACCB6A99-01F6-4AEE-8293-80384B85E390}"
	ProjectSection(ProjectDependencies) = postProject
		{3F1B6015-B34A-4AF0-B4A4-38CBDBD82F4F} = {3F1B6015-B34A-4AF0-B4A4-38CBDBD82F4F}
	EndProjectSection
EndProject
Project("{9A19103F-16F7-4668-BE54-9A1E7A4F7556}") = "SahFederacijaLibrary", "..\SahFederacijaLibrary\SahFederacijaLibrary.csproj", "{3F1B6015-B34A-4AF0-B4A4-38CBDBD82F4F}"
EndProject
Global
	GlobalSection(SolutionConfigurationPlatforms) = preSolution
		Debug|Any CPU = Debug|Any CPU
		Release|Any CPU = Release|Any CPU
	EndGlobalSection
	GlobalSection(ProjectConfigurationPlatforms) = postSolution
		{ACCB6A99-01F6-4AEE-8293-80384B85E390}.Debug|Any CPU.ActiveCfg = Debug|Any CPU
		{ACCB6A99-01F6-4AEE-8293-80384B85E390}.Debug|Any CPU.Build.0 = Debug|Any CPU
		{ACCB6A99-01F6-4AEE-8293-80384B85E390}.Release|Any CPU.ActiveCfg = Release|Any CPU
		{ACCB6A99-01F6-4AEE-8293-80384B85E390}.Release|Any CPU.Build.0 = Release|Any CPU
		{3F1B6015-B34A-4AF0-B4A4-38CBDBD82F4F}.Debug|Any CPU.ActiveCfg = Debug|Any CPU
		{3F1B6015-B34A-4AF0-B4A4-38CBDBD82F4F}.Debug|Any CPU.Build.0 = Debug|Any CPU
		{3F1B6015-B34A-4AF0-B4A4-38CBDBD82F4F}.Release|Any CPU.ActiveCfg = Release|Any CPU
		{3F1B6015-B34A-4AF0-B4A4-38CBDBD82F4F}.Release|Any CPU.Build.0 = Release|Any CPU
	EndGlobalSection
	GlobalSection(SolutionProperties) = preSolution
		HideSolutionNode = FALSE
	EndGlobalSection
	GlobalSection(ExtensibilityGlobals) = postSolution
		SolutionGuid = {B18F1182-8777-4B78-88B8-7101AA168039}
	EndGlobalSection
EndGlobal
